// !$*UTF8*$!
{
	archiveVersion = 1;
	classes = {
	};
	objectVersion = 56;
	objects = {

/* Begin PBXBuildFile section */
		863FB7532BD69EFD002FF098 /* PokemonViewApp.swift in Sources */ = {isa = PBXBuildFile; fileRef = 863FB7522BD69EFD002FF098 /* PokemonViewApp.swift */; };
		863FB7552BD69EFD002FF098 /* PokemonListView.swift in Sources */ = {isa = PBXBuildFile; fileRef = 863FB7542BD69EFD002FF098 /* PokemonListView.swift */; };
		863FB7572BD69F00002FF098 /* Assets.xcassets in Resources */ = {isa = PBXBuildFile; fileRef = 863FB7562BD69F00002FF098 /* Assets.xcassets */; };
		863FB75B2BD69F00002FF098 /* Preview Assets.xcassets in Resources */ = {isa = PBXBuildFile; fileRef = 863FB75A2BD69F00002FF098 /* Preview Assets.xcassets */; };
		863FB7652BD69F00002FF098 /* PokemonViewTests.swift in Sources */ = {isa = PBXBuildFile; fileRef = 863FB7642BD69F00002FF098 /* PokemonViewTests.swift */; };
		863FB76F2BD69F00002FF098 /* PokemonViewUITests.swift in Sources */ = {isa = PBXBuildFile; fileRef = 863FB76E2BD69F00002FF098 /* PokemonViewUITests.swift */; };
		863FB7712BD69F00002FF098 /* PokemonViewUITestsLaunchTests.swift in Sources */ = {isa = PBXBuildFile; fileRef = 863FB7702BD69F00002FF098 /* PokemonViewUITestsLaunchTests.swift */; };
		863FB77F2BD7198C002FF098 /* PokemonListViewModel.swift in Sources */ = {isa = PBXBuildFile; fileRef = 863FB77E2BD7198C002FF098 /* PokemonListViewModel.swift */; };
		863FB7812BD719B7002FF098 /* MockApiManager.swift in Sources */ = {isa = PBXBuildFile; fileRef = 863FB7802BD719B7002FF098 /* MockApiManager.swift */; };
		863FB7842BD719E1002FF098 /* Pokemon.swift in Sources */ = {isa = PBXBuildFile; fileRef = 863FB7832BD719E1002FF098 /* Pokemon.swift */; };
		863FB7872BD71A49002FF098 /* APIManagerProtocol.swift in Sources */ = {isa = PBXBuildFile; fileRef = 863FB7862BD71A49002FF098 /* APIManagerProtocol.swift */; };
		863FB7892BD71FDC002FF098 /* Constants.swift in Sources */ = {isa = PBXBuildFile; fileRef = 863FB7882BD71FDC002FF098 /* Constants.swift */; };
		863FB78B2BD721DB002FF098 /* PokemonDetail.swift in Sources */ = {isa = PBXBuildFile; fileRef = 863FB78A2BD721DB002FF098 /* PokemonDetail.swift */; };
		863FB78D2BD72573002FF098 /* APIManager.swift in Sources */ = {isa = PBXBuildFile; fileRef = 863FB78C2BD72573002FF098 /* APIManager.swift */; };
		863FB78F2BD72649002FF098 /* MockPokemonDetails.json in Resources */ = {isa = PBXBuildFile; fileRef = 863FB78E2BD72649002FF098 /* MockPokemonDetails.json */; };
		863FB7912BD726CD002FF098 /* MockPokemonList.json in Resources */ = {isa = PBXBuildFile; fileRef = 863FB7902BD726CD002FF098 /* MockPokemonList.json */; };
		863FB7932BD7293D002FF098 /* LiveListViewModelTests.swift in Sources */ = {isa = PBXBuildFile; fileRef = 863FB7922BD7293D002FF098 /* LiveListViewModelTests.swift */; };
		863FB7952BD9205A002FF098 /* PokemonDetailView.swift in Sources */ = {isa = PBXBuildFile; fileRef = 863FB7942BD9205A002FF098 /* PokemonDetailView.swift */; };
		863FB7982BD93D09002FF098 /* AboutView.swift in Sources */ = {isa = PBXBuildFile; fileRef = 863FB7972BD93D09002FF098 /* AboutView.swift */; };
		863FB79A2BD9A659002FF098 /* ContentView.swift in Sources */ = {isa = PBXBuildFile; fileRef = 863FB7992BD9A659002FF098 /* ContentView.swift */; };
		863FB79E2BD9B901002FF098 /* DefaultGreyText.swift in Sources */ = {isa = PBXBuildFile; fileRef = 863FB79D2BD9B901002FF098 /* DefaultGreyText.swift */; };
		863FB7A02BD9BF64002FF098 /* PokemonDetailViewModel.swift in Sources */ = {isa = PBXBuildFile; fileRef = 863FB79F2BD9BF64002FF098 /* PokemonDetailViewModel.swift */; };
		863FB7A32BD9D5B0002FF098 /* OggDecoder in Frameworks */ = {isa = PBXBuildFile; productRef = 863FB7A22BD9D5B0002FF098 /* OggDecoder */; };
		866698EC2BDA903300792141 /* DefaultBlackText.swift in Sources */ = {isa = PBXBuildFile; fileRef = 866698EB2BDA903300792141 /* DefaultBlackText.swift */; };
		866698EE2BDA97EF00792141 /* PokemonSpecies.swift in Sources */ = {isa = PBXBuildFile; fileRef = 866698ED2BDA97EF00792141 /* PokemonSpecies.swift */; };
		86E423032BDB18E50055A402 /* PokemonView+View.swift in Sources */ = {isa = PBXBuildFile; fileRef = 86E423022BDB18E50055A402 /* PokemonView+View.swift */; };
		86E423052BDB190A0055A402 /* PokemonView+Color.swift in Sources */ = {isa = PBXBuildFile; fileRef = 86E423042BDB190A0055A402 /* PokemonView+Color.swift */; };
		86E423072BDB19310055A402 /* ScaledFont.swift in Sources */ = {isa = PBXBuildFile; fileRef = 86E423062BDB19310055A402 /* ScaledFont.swift */; };
		86E423092BDB19550055A402 /* PokemonView+String.swift in Sources */ = {isa = PBXBuildFile; fileRef = 86E423082BDB19550055A402 /* PokemonView+String.swift */; };
		86E4230B2BDB19C90055A402 /* AudioManager.swift in Sources */ = {isa = PBXBuildFile; fileRef = 86E4230A2BDB19C90055A402 /* AudioManager.swift */; };
		86E4230D2BDBEAFF0055A402 /* PokemonIconView.swift in Sources */ = {isa = PBXBuildFile; fileRef = 86E4230C2BDBEAFF0055A402 /* PokemonIconView.swift */; };
		86E423102BDC03A70055A402 /* Nuke in Frameworks */ = {isa = PBXBuildFile; productRef = 86E4230F2BDC03A70055A402 /* Nuke */; };
		86E423122BDC03A70055A402 /* NukeExtensions in Frameworks */ = {isa = PBXBuildFile; productRef = 86E423112BDC03A70055A402 /* NukeExtensions */; };
		86E423142BDC03A70055A402 /* NukeUI in Frameworks */ = {isa = PBXBuildFile; productRef = 86E423132BDC03A70055A402 /* NukeUI */; };
		86E423172BDC03DF0055A402 /* CustomAsyncImage.swift in Sources */ = {isa = PBXBuildFile; fileRef = 86E423162BDC03DF0055A402 /* CustomAsyncImage.swift */; };
		86E4231A2BDC0FCE0055A402 /* AudioMangerTests.swift in Sources */ = {isa = PBXBuildFile; fileRef = 86E423192BDC0FCE0055A402 /* AudioMangerTests.swift */; };
		86E4231C2BDC0FE20055A402 /* ExtensionsTests.swift in Sources */ = {isa = PBXBuildFile; fileRef = 86E4231B2BDC0FE20055A402 /* ExtensionsTests.swift */; };
/* End PBXBuildFile section */

/* Begin PBXContainerItemProxy section */
		863FB7612BD69F00002FF098 /* PBXContainerItemProxy */ = {
			isa = PBXContainerItemProxy;
			containerPortal = 863FB7472BD69EFD002FF098 /* Project object */;
			proxyType = 1;
			remoteGlobalIDString = 863FB74E2BD69EFD002FF098;
			remoteInfo = PokemonView;
		};
		863FB76B2BD69F00002FF098 /* PBXContainerItemProxy */ = {
			isa = PBXContainerItemProxy;
			containerPortal = 863FB7472BD69EFD002FF098 /* Project object */;
			proxyType = 1;
			remoteGlobalIDString = 863FB74E2BD69EFD002FF098;
			remoteInfo = PokemonView;
		};
/* End PBXContainerItemProxy section */

/* Begin PBXFileReference section */
		863FB74F2BD69EFD002FF098 /* PokemonView.app */ = {isa = PBXFileReference; explicitFileType = wrapper.application; includeInIndex = 0; path = PokemonView.app; sourceTree = BUILT_PRODUCTS_DIR; };
		863FB7522BD69EFD002FF098 /* PokemonViewApp.swift */ = {isa = PBXFileReference; lastKnownFileType = sourcecode.swift; path = PokemonViewApp.swift; sourceTree = "<group>"; };
		863FB7542BD69EFD002FF098 /* PokemonListView.swift */ = {isa = PBXFileReference; lastKnownFileType = sourcecode.swift; path = PokemonListView.swift; sourceTree = "<group>"; };
		863FB7562BD69F00002FF098 /* Assets.xcassets */ = {isa = PBXFileReference; lastKnownFileType = folder.assetcatalog; path = Assets.xcassets; sourceTree = "<group>"; };
		863FB7582BD69F00002FF098 /* PokemonView.entitlements */ = {isa = PBXFileReference; lastKnownFileType = text.plist.entitlements; path = PokemonView.entitlements; sourceTree = "<group>"; };
		863FB75A2BD69F00002FF098 /* Preview Assets.xcassets */ = {isa = PBXFileReference; lastKnownFileType = folder.assetcatalog; path = "Preview Assets.xcassets"; sourceTree = "<group>"; };
		863FB7602BD69F00002FF098 /* PokemonViewTests.xctest */ = {isa = PBXFileReference; explicitFileType = wrapper.cfbundle; includeInIndex = 0; path = PokemonViewTests.xctest; sourceTree = BUILT_PRODUCTS_DIR; };
		863FB7642BD69F00002FF098 /* PokemonViewTests.swift */ = {isa = PBXFileReference; lastKnownFileType = sourcecode.swift; path = PokemonViewTests.swift; sourceTree = "<group>"; };
		863FB76A2BD69F00002FF098 /* PokemonViewUITests.xctest */ = {isa = PBXFileReference; explicitFileType = wrapper.cfbundle; includeInIndex = 0; path = PokemonViewUITests.xctest; sourceTree = BUILT_PRODUCTS_DIR; };
		863FB76E2BD69F00002FF098 /* PokemonViewUITests.swift */ = {isa = PBXFileReference; lastKnownFileType = sourcecode.swift; path = PokemonViewUITests.swift; sourceTree = "<group>"; };
		863FB7702BD69F00002FF098 /* PokemonViewUITestsLaunchTests.swift */ = {isa = PBXFileReference; lastKnownFileType = sourcecode.swift; path = PokemonViewUITestsLaunchTests.swift; sourceTree = "<group>"; };
		863FB77E2BD7198C002FF098 /* PokemonListViewModel.swift */ = {isa = PBXFileReference; lastKnownFileType = sourcecode.swift; path = PokemonListViewModel.swift; sourceTree = "<group>"; };
		863FB7802BD719B7002FF098 /* MockApiManager.swift */ = {isa = PBXFileReference; lastKnownFileType = sourcecode.swift; path = MockApiManager.swift; sourceTree = "<group>"; };
		863FB7832BD719E1002FF098 /* Pokemon.swift */ = {isa = PBXFileReference; lastKnownFileType = sourcecode.swift; path = Pokemon.swift; sourceTree = "<group>"; };
		863FB7862BD71A49002FF098 /* APIManagerProtocol.swift */ = {isa = PBXFileReference; lastKnownFileType = sourcecode.swift; path = APIManagerProtocol.swift; sourceTree = "<group>"; };
		863FB7882BD71FDC002FF098 /* Constants.swift */ = {isa = PBXFileReference; lastKnownFileType = sourcecode.swift; path = Constants.swift; sourceTree = "<group>"; };
		863FB78A2BD721DB002FF098 /* PokemonDetail.swift */ = {isa = PBXFileReference; lastKnownFileType = sourcecode.swift; path = PokemonDetail.swift; sourceTree = "<group>"; };
		863FB78C2BD72573002FF098 /* APIManager.swift */ = {isa = PBXFileReference; lastKnownFileType = sourcecode.swift; path = APIManager.swift; sourceTree = "<group>"; };
		863FB78E2BD72649002FF098 /* MockPokemonDetails.json */ = {isa = PBXFileReference; lastKnownFileType = text.json; path = MockPokemonDetails.json; sourceTree = "<group>"; };
		863FB7902BD726CD002FF098 /* MockPokemonList.json */ = {isa = PBXFileReference; lastKnownFileType = text.json; path = MockPokemonList.json; sourceTree = "<group>"; };
		863FB7922BD7293D002FF098 /* LiveListViewModelTests.swift */ = {isa = PBXFileReference; lastKnownFileType = sourcecode.swift; path = LiveListViewModelTests.swift; sourceTree = "<group>"; };
		863FB7942BD9205A002FF098 /* PokemonDetailView.swift */ = {isa = PBXFileReference; lastKnownFileType = sourcecode.swift; path = PokemonDetailView.swift; sourceTree = "<group>"; };
		863FB7972BD93D09002FF098 /* AboutView.swift */ = {isa = PBXFileReference; lastKnownFileType = sourcecode.swift; path = AboutView.swift; sourceTree = "<group>"; };
		863FB7992BD9A659002FF098 /* ContentView.swift */ = {isa = PBXFileReference; lastKnownFileType = sourcecode.swift; path = ContentView.swift; sourceTree = "<group>"; };
		863FB79D2BD9B901002FF098 /* DefaultGreyText.swift */ = {isa = PBXFileReference; lastKnownFileType = sourcecode.swift; path = DefaultGreyText.swift; sourceTree = "<group>"; };
		863FB79F2BD9BF64002FF098 /* PokemonDetailViewModel.swift */ = {isa = PBXFileReference; lastKnownFileType = sourcecode.swift; path = PokemonDetailViewModel.swift; sourceTree = "<group>"; };
		866698EB2BDA903300792141 /* DefaultBlackText.swift */ = {isa = PBXFileReference; lastKnownFileType = sourcecode.swift; path = DefaultBlackText.swift; sourceTree = "<group>"; };
		866698ED2BDA97EF00792141 /* PokemonSpecies.swift */ = {isa = PBXFileReference; lastKnownFileType = sourcecode.swift; path = PokemonSpecies.swift; sourceTree = "<group>"; };
		86E423022BDB18E50055A402 /* PokemonView+View.swift */ = {isa = PBXFileReference; lastKnownFileType = sourcecode.swift; path = "PokemonView+View.swift"; sourceTree = "<group>"; };
		86E423042BDB190A0055A402 /* PokemonView+Color.swift */ = {isa = PBXFileReference; lastKnownFileType = sourcecode.swift; path = "PokemonView+Color.swift"; sourceTree = "<group>"; };
		86E423062BDB19310055A402 /* ScaledFont.swift */ = {isa = PBXFileReference; lastKnownFileType = sourcecode.swift; path = ScaledFont.swift; sourceTree = "<group>"; };
		86E423082BDB19550055A402 /* PokemonView+String.swift */ = {isa = PBXFileReference; lastKnownFileType = sourcecode.swift; path = "PokemonView+String.swift"; sourceTree = "<group>"; };
		86E4230A2BDB19C90055A402 /* AudioManager.swift */ = {isa = PBXFileReference; lastKnownFileType = sourcecode.swift; path = AudioManager.swift; sourceTree = "<group>"; };
		86E4230C2BDBEAFF0055A402 /* PokemonIconView.swift */ = {isa = PBXFileReference; lastKnownFileType = sourcecode.swift; path = PokemonIconView.swift; sourceTree = "<group>"; };
		86E423162BDC03DF0055A402 /* CustomAsyncImage.swift */ = {isa = PBXFileReference; lastKnownFileType = sourcecode.swift; path = CustomAsyncImage.swift; sourceTree = "<group>"; };
		86E423192BDC0FCE0055A402 /* AudioMangerTests.swift */ = {isa = PBXFileReference; lastKnownFileType = sourcecode.swift; path = AudioMangerTests.swift; sourceTree = "<group>"; };
		86E4231B2BDC0FE20055A402 /* ExtensionsTests.swift */ = {isa = PBXFileReference; lastKnownFileType = sourcecode.swift; path = ExtensionsTests.swift; sourceTree = "<group>"; };
/* End PBXFileReference section */

/* Begin PBXFrameworksBuildPhase section */
		863FB74C2BD69EFD002FF098 /* Frameworks */ = {
			isa = PBXFrameworksBuildPhase;
			buildActionMask = 2147483647;
			files = (
				863FB7A32BD9D5B0002FF098 /* OggDecoder in Frameworks */,
				86E423102BDC03A70055A402 /* Nuke in Frameworks */,
				86E423122BDC03A70055A402 /* NukeExtensions in Frameworks */,
				86E423142BDC03A70055A402 /* NukeUI in Frameworks */,
			);
			runOnlyForDeploymentPostprocessing = 0;
		};
		863FB75D2BD69F00002FF098 /* Frameworks */ = {
			isa = PBXFrameworksBuildPhase;
			buildActionMask = 2147483647;
			files = (
			);
			runOnlyForDeploymentPostprocessing = 0;
		};
		863FB7672BD69F00002FF098 /* Frameworks */ = {
			isa = PBXFrameworksBuildPhase;
			buildActionMask = 2147483647;
			files = (
			);
			runOnlyForDeploymentPostprocessing = 0;
		};
/* End PBXFrameworksBuildPhase section */

/* Begin PBXGroup section */
		863FB7462BD69EFD002FF098 = {
			isa = PBXGroup;
			children = (
				863FB7512BD69EFD002FF098 /* PokemonView */,
				863FB7632BD69F00002FF098 /* PokemonViewTests */,
				863FB76D2BD69F00002FF098 /* PokemonViewUITests */,
				863FB7502BD69EFD002FF098 /* Products */,
			);
			sourceTree = "<group>";
		};
		863FB7502BD69EFD002FF098 /* Products */ = {
			isa = PBXGroup;
			children = (
				863FB74F2BD69EFD002FF098 /* PokemonView.app */,
				863FB7602BD69F00002FF098 /* PokemonViewTests.xctest */,
				863FB76A2BD69F00002FF098 /* PokemonViewUITests.xctest */,
			);
			name = Products;
			sourceTree = "<group>";
		};
		863FB7512BD69EFD002FF098 /* PokemonView */ = {
			isa = PBXGroup;
			children = (
				863FB7882BD71FDC002FF098 /* Constants.swift */,
				863FB7522BD69EFD002FF098 /* PokemonViewApp.swift */,
				863FB7962BD93CF3002FF098 /* View */,
				86E423152BDC03CB0055A402 /* ImageService */,
				863FB79C2BD9B8E0002FF098 /* Modifiers */,
				86E423012BDB18BD0055A402 /* Extensions */,
				863FB7852BD71A3B002FF098 /* Networking */,
				863FB7822BD719C4002FF098 /* Model */,
				86E423182BDC0E380055A402 /* Data */,
				863FB77D2BD7196E002FF098 /* ViewModel */,
				863FB7562BD69F00002FF098 /* Assets.xcassets */,
				863FB7582BD69F00002FF098 /* PokemonView.entitlements */,
				863FB7592BD69F00002FF098 /* Preview Content */,
				86E4230A2BDB19C90055A402 /* AudioManager.swift */,
			);
			path = PokemonView;
			sourceTree = "<group>";
		};
		863FB7592BD69F00002FF098 /* Preview Content */ = {
			isa = PBXGroup;
			children = (
				863FB75A2BD69F00002FF098 /* Preview Assets.xcassets */,
			);
			path = "Preview Content";
			sourceTree = "<group>";
		};
		863FB7632BD69F00002FF098 /* PokemonViewTests */ = {
			isa = PBXGroup;
			children = (
				86E423192BDC0FCE0055A402 /* AudioMangerTests.swift */,
				86E4231B2BDC0FE20055A402 /* ExtensionsTests.swift */,
				863FB7922BD7293D002FF098 /* LiveListViewModelTests.swift */,
				863FB7642BD69F00002FF098 /* PokemonViewTests.swift */,
				863FB7802BD719B7002FF098 /* MockApiManager.swift */,
				863FB78E2BD72649002FF098 /* MockPokemonDetails.json */,
				863FB7902BD726CD002FF098 /* MockPokemonList.json */,
			);
			path = PokemonViewTests;
			sourceTree = "<group>";
		};
		863FB76D2BD69F00002FF098 /* PokemonViewUITests */ = {
			isa = PBXGroup;
			children = (
				863FB76E2BD69F00002FF098 /* PokemonViewUITests.swift */,
				863FB7702BD69F00002FF098 /* PokemonViewUITestsLaunchTests.swift */,
			);
			path = PokemonViewUITests;
			sourceTree = "<group>";
		};
		863FB77D2BD7196E002FF098 /* ViewModel */ = {
			isa = PBXGroup;
			children = (
				863FB77E2BD7198C002FF098 /* PokemonListViewModel.swift */,
				863FB79F2BD9BF64002FF098 /* PokemonDetailViewModel.swift */,
			);
			path = ViewModel;
			sourceTree = "<group>";
		};
		863FB7822BD719C4002FF098 /* Model */ = {
			isa = PBXGroup;
			children = (
				863FB7832BD719E1002FF098 /* Pokemon.swift */,
				863FB78A2BD721DB002FF098 /* PokemonDetail.swift */,
				866698ED2BDA97EF00792141 /* PokemonSpecies.swift */,
			);
			path = Model;
			sourceTree = "<group>";
		};
		863FB7852BD71A3B002FF098 /* Networking */ = {
			isa = PBXGroup;
			children = (
				863FB7862BD71A49002FF098 /* APIManagerProtocol.swift */,
				863FB78C2BD72573002FF098 /* APIManager.swift */,
			);
			path = Networking;
			sourceTree = "<group>";
		};
		863FB7962BD93CF3002FF098 /* View */ = {
			isa = PBXGroup;
			children = (
				863FB7542BD69EFD002FF098 /* PokemonListView.swift */,
				863FB7942BD9205A002FF098 /* PokemonDetailView.swift */,
				863FB7972BD93D09002FF098 /* AboutView.swift */,
				863FB7992BD9A659002FF098 /* ContentView.swift */,
				86E4230C2BDBEAFF0055A402 /* PokemonIconView.swift */,
			);
			path = View;
			sourceTree = "<group>";
		};
		863FB79C2BD9B8E0002FF098 /* Modifiers */ = {
			isa = PBXGroup;
			children = (
				863FB79D2BD9B901002FF098 /* DefaultGreyText.swift */,
				866698EB2BDA903300792141 /* DefaultBlackText.swift */,
				86E423062BDB19310055A402 /* ScaledFont.swift */,
			);
			path = Modifiers;
			sourceTree = "<group>";
		};
		86E423012BDB18BD0055A402 /* Extensions */ = {
			isa = PBXGroup;
			children = (
				86E423022BDB18E50055A402 /* PokemonView+View.swift */,
				86E423042BDB190A0055A402 /* PokemonView+Color.swift */,
				86E423082BDB19550055A402 /* PokemonView+String.swift */,
			);
			path = Extensions;
			sourceTree = "<group>";
		};
		86E423152BDC03CB0055A402 /* ImageService */ = {
			isa = PBXGroup;
			children = (
				86E423162BDC03DF0055A402 /* CustomAsyncImage.swift */,
			);
			path = ImageService;
			sourceTree = "<group>";
		};
		86E423182BDC0E380055A402 /* Data */ = {
			isa = PBXGroup;
			children = (
			);
			path = Data;
			sourceTree = "<group>";
		};
/* End PBXGroup section */

/* Begin PBXNativeTarget section */
		863FB74E2BD69EFD002FF098 /* PokemonView */ = {
			isa = PBXNativeTarget;
			buildConfigurationList = 863FB7742BD69F00002FF098 /* Build configuration list for PBXNativeTarget "PokemonView" */;
			buildPhases = (
				863FB74B2BD69EFD002FF098 /* Sources */,
				863FB74C2BD69EFD002FF098 /* Frameworks */,
				863FB74D2BD69EFD002FF098 /* Resources */,
			);
			buildRules = (
			);
			dependencies = (
			);
			name = PokemonView;
			packageProductDependencies = (
				863FB7A22BD9D5B0002FF098 /* OggDecoder */,
				86E4230F2BDC03A70055A402 /* Nuke */,
				86E423112BDC03A70055A402 /* NukeExtensions */,
				86E423132BDC03A70055A402 /* NukeUI */,
			);
			productName = PokemonView;
			productReference = 863FB74F2BD69EFD002FF098 /* PokemonView.app */;
			productType = "com.apple.product-type.application";
		};
		863FB75F2BD69F00002FF098 /* PokemonViewTests */ = {
			isa = PBXNativeTarget;
			buildConfigurationList = 863FB7772BD69F00002FF098 /* Build configuration list for PBXNativeTarget "PokemonViewTests" */;
			buildPhases = (
				863FB75C2BD69F00002FF098 /* Sources */,
				863FB75D2BD69F00002FF098 /* Frameworks */,
				863FB75E2BD69F00002FF098 /* Resources */,
			);
			buildRules = (
			);
			dependencies = (
				863FB7622BD69F00002FF098 /* PBXTargetDependency */,
			);
			name = PokemonViewTests;
			productName = PokemonViewTests;
			productReference = 863FB7602BD69F00002FF098 /* PokemonViewTests.xctest */;
			productType = "com.apple.product-type.bundle.unit-test";
		};
		863FB7692BD69F00002FF098 /* PokemonViewUITests */ = {
			isa = PBXNativeTarget;
			buildConfigurationList = 863FB77A2BD69F00002FF098 /* Build configuration list for PBXNativeTarget "PokemonViewUITests" */;
			buildPhases = (
				863FB7662BD69F00002FF098 /* Sources */,
				863FB7672BD69F00002FF098 /* Frameworks */,
				863FB7682BD69F00002FF098 /* Resources */,
			);
			buildRules = (
			);
			dependencies = (
				863FB76C2BD69F00002FF098 /* PBXTargetDependency */,
			);
			name = PokemonViewUITests;
			productName = PokemonViewUITests;
			productReference = 863FB76A2BD69F00002FF098 /* PokemonViewUITests.xctest */;
			productType = "com.apple.product-type.bundle.ui-testing";
		};
/* End PBXNativeTarget section */

/* Begin PBXProject section */
		863FB7472BD69EFD002FF098 /* Project object */ = {
			isa = PBXProject;
			attributes = {
				BuildIndependentTargetsInParallel = 1;
				LastSwiftUpdateCheck = 1530;
				LastUpgradeCheck = 1530;
				TargetAttributes = {
					863FB74E2BD69EFD002FF098 = {
						CreatedOnToolsVersion = 15.3;
					};
					863FB75F2BD69F00002FF098 = {
						CreatedOnToolsVersion = 15.3;
						TestTargetID = 863FB74E2BD69EFD002FF098;
					};
					863FB7692BD69F00002FF098 = {
						CreatedOnToolsVersion = 15.3;
						TestTargetID = 863FB74E2BD69EFD002FF098;
					};
				};
			};
			buildConfigurationList = 863FB74A2BD69EFD002FF098 /* Build configuration list for PBXProject "PokemonView" */;
			compatibilityVersion = "Xcode 14.0";
			developmentRegion = en;
			hasScannedForEncodings = 0;
			knownRegions = (
				en,
				Base,
			);
			mainGroup = 863FB7462BD69EFD002FF098;
			packageReferences = (
				863FB7A12BD9D4B6002FF098 /* XCRemoteSwiftPackageReference "OggDecoder" */,
				86E4230E2BDC03A70055A402 /* XCRemoteSwiftPackageReference "Nuke" */,
			);
			productRefGroup = 863FB7502BD69EFD002FF098 /* Products */;
			projectDirPath = "";
			projectRoot = "";
			targets = (
				863FB74E2BD69EFD002FF098 /* PokemonView */,
				863FB75F2BD69F00002FF098 /* PokemonViewTests */,
				863FB7692BD69F00002FF098 /* PokemonViewUITests */,
			);
		};
/* End PBXProject section */

/* Begin PBXResourcesBuildPhase section */
		863FB74D2BD69EFD002FF098 /* Resources */ = {
			isa = PBXResourcesBuildPhase;
			buildActionMask = 2147483647;
			files = (
				863FB75B2BD69F00002FF098 /* Preview Assets.xcassets in Resources */,
				863FB7572BD69F00002FF098 /* Assets.xcassets in Resources */,
			);
			runOnlyForDeploymentPostprocessing = 0;
		};
		863FB75E2BD69F00002FF098 /* Resources */ = {
			isa = PBXResourcesBuildPhase;
			buildActionMask = 2147483647;
			files = (
				863FB78F2BD72649002FF098 /* MockPokemonDetails.json in Resources */,
				863FB7912BD726CD002FF098 /* MockPokemonList.json in Resources */,
			);
			runOnlyForDeploymentPostprocessing = 0;
		};
		863FB7682BD69F00002FF098 /* Resources */ = {
			isa = PBXResourcesBuildPhase;
			buildActionMask = 2147483647;
			files = (
			);
			runOnlyForDeploymentPostprocessing = 0;
		};
/* End PBXResourcesBuildPhase section */

/* Begin PBXSourcesBuildPhase section */
		863FB74B2BD69EFD002FF098 /* Sources */ = {
			isa = PBXSourcesBuildPhase;
			buildActionMask = 2147483647;
			files = (
				863FB78D2BD72573002FF098 /* APIManager.swift in Sources */,
				86E4230D2BDBEAFF0055A402 /* PokemonIconView.swift in Sources */,
				863FB79E2BD9B901002FF098 /* DefaultGreyText.swift in Sources */,
				86E423092BDB19550055A402 /* PokemonView+String.swift in Sources */,
				863FB79A2BD9A659002FF098 /* ContentView.swift in Sources */,
				866698EE2BDA97EF00792141 /* PokemonSpecies.swift in Sources */,
				86E423052BDB190A0055A402 /* PokemonView+Color.swift in Sources */,
				863FB7552BD69EFD002FF098 /* PokemonListView.swift in Sources */,
				86E423072BDB19310055A402 /* ScaledFont.swift in Sources */,
				863FB7952BD9205A002FF098 /* PokemonDetailView.swift in Sources */,
				863FB7842BD719E1002FF098 /* Pokemon.swift in Sources */,
				866698EC2BDA903300792141 /* DefaultBlackText.swift in Sources */,
				863FB7982BD93D09002FF098 /* AboutView.swift in Sources */,
				86E4230B2BDB19C90055A402 /* AudioManager.swift in Sources */,
				863FB78B2BD721DB002FF098 /* PokemonDetail.swift in Sources */,
				863FB77F2BD7198C002FF098 /* PokemonListViewModel.swift in Sources */,
				86E423172BDC03DF0055A402 /* CustomAsyncImage.swift in Sources */,
				86E423032BDB18E50055A402 /* PokemonView+View.swift in Sources */,
				863FB7532BD69EFD002FF098 /* PokemonViewApp.swift in Sources */,
				863FB7A02BD9BF64002FF098 /* PokemonDetailViewModel.swift in Sources */,
				863FB7872BD71A49002FF098 /* APIManagerProtocol.swift in Sources */,
				863FB7892BD71FDC002FF098 /* Constants.swift in Sources */,
			);
			runOnlyForDeploymentPostprocessing = 0;
		};
		863FB75C2BD69F00002FF098 /* Sources */ = {
			isa = PBXSourcesBuildPhase;
			buildActionMask = 2147483647;
			files = (
				86E4231C2BDC0FE20055A402 /* ExtensionsTests.swift in Sources */,
				86E4231A2BDC0FCE0055A402 /* AudioMangerTests.swift in Sources */,
				863FB7812BD719B7002FF098 /* MockApiManager.swift in Sources */,
				863FB7932BD7293D002FF098 /* LiveListViewModelTests.swift in Sources */,
				863FB7652BD69F00002FF098 /* PokemonViewTests.swift in Sources */,
			);
			runOnlyForDeploymentPostprocessing = 0;
		};
		863FB7662BD69F00002FF098 /* Sources */ = {
			isa = PBXSourcesBuildPhase;
			buildActionMask = 2147483647;
			files = (
				863FB76F2BD69F00002FF098 /* PokemonViewUITests.swift in Sources */,
				863FB7712BD69F00002FF098 /* PokemonViewUITestsLaunchTests.swift in Sources */,
			);
			runOnlyForDeploymentPostprocessing = 0;
		};
/* End PBXSourcesBuildPhase section */

/* Begin PBXTargetDependency section */
		863FB7622BD69F00002FF098 /* PBXTargetDependency */ = {
			isa = PBXTargetDependency;
			target = 863FB74E2BD69EFD002FF098 /* PokemonView */;
			targetProxy = 863FB7612BD69F00002FF098 /* PBXContainerItemProxy */;
		};
		863FB76C2BD69F00002FF098 /* PBXTargetDependency */ = {
			isa = PBXTargetDependency;
			target = 863FB74E2BD69EFD002FF098 /* PokemonView */;
			targetProxy = 863FB76B2BD69F00002FF098 /* PBXContainerItemProxy */;
		};
/* End PBXTargetDependency section */

/* Begin XCBuildConfiguration section */
		863FB7722BD69F00002FF098 /* Debug */ = {
			isa = XCBuildConfiguration;
			buildSettings = {
				ALWAYS_SEARCH_USER_PATHS = NO;
				ASSETCATALOG_COMPILER_GENERATE_SWIFT_ASSET_SYMBOL_EXTENSIONS = YES;
				CLANG_ANALYZER_NONNULL = YES;
				CLANG_ANALYZER_NUMBER_OBJECT_CONVERSION = YES_AGGRESSIVE;
				CLANG_CXX_LANGUAGE_STANDARD = "gnu++20";
				CLANG_ENABLE_MODULES = YES;
				CLANG_ENABLE_OBJC_ARC = YES;
				CLANG_ENABLE_OBJC_WEAK = YES;
				CLANG_WARN_BLOCK_CAPTURE_AUTORELEASING = YES;
				CLANG_WARN_BOOL_CONVERSION = YES;
				CLANG_WARN_COMMA = YES;
				CLANG_WARN_CONSTANT_CONVERSION = YES;
				CLANG_WARN_DEPRECATED_OBJC_IMPLEMENTATIONS = YES;
				CLANG_WARN_DIRECT_OBJC_ISA_USAGE = YES_ERROR;
				CLANG_WARN_DOCUMENTATION_COMMENTS = YES;
				CLANG_WARN_EMPTY_BODY = YES;
				CLANG_WARN_ENUM_CONVERSION = YES;
				CLANG_WARN_INFINITE_RECURSION = YES;
				CLANG_WARN_INT_CONVERSION = YES;
				CLANG_WARN_NON_LITERAL_NULL_CONVERSION = YES;
				CLANG_WARN_OBJC_IMPLICIT_RETAIN_SELF = YES;
				CLANG_WARN_OBJC_LITERAL_CONVERSION = YES;
				CLANG_WARN_OBJC_ROOT_CLASS = YES_ERROR;
				CLANG_WARN_QUOTED_INCLUDE_IN_FRAMEWORK_HEADER = YES;
				CLANG_WARN_RANGE_LOOP_ANALYSIS = YES;
				CLANG_WARN_STRICT_PROTOTYPES = YES;
				CLANG_WARN_SUSPICIOUS_MOVE = YES;
				CLANG_WARN_UNGUARDED_AVAILABILITY = YES_AGGRESSIVE;
				CLANG_WARN_UNREACHABLE_CODE = YES;
				CLANG_WARN__DUPLICATE_METHOD_MATCH = YES;
				COPY_PHASE_STRIP = NO;
				DEBUG_INFORMATION_FORMAT = dwarf;
				ENABLE_STRICT_OBJC_MSGSEND = YES;
				ENABLE_TESTABILITY = YES;
				ENABLE_USER_SCRIPT_SANDBOXING = YES;
				GCC_C_LANGUAGE_STANDARD = gnu17;
				GCC_DYNAMIC_NO_PIC = NO;
				GCC_NO_COMMON_BLOCKS = YES;
				GCC_OPTIMIZATION_LEVEL = 0;
				GCC_PREPROCESSOR_DEFINITIONS = (
					"DEBUG=1",
					"$(inherited)",
				);
				GCC_WARN_64_TO_32_BIT_CONVERSION = YES;
				GCC_WARN_ABOUT_RETURN_TYPE = YES_ERROR;
				GCC_WARN_UNDECLARED_SELECTOR = YES;
				GCC_WARN_UNINITIALIZED_AUTOS = YES_AGGRESSIVE;
				GCC_WARN_UNUSED_FUNCTION = YES;
				GCC_WARN_UNUSED_VARIABLE = YES;
				LOCALIZATION_PREFERS_STRING_CATALOGS = YES;
				MTL_ENABLE_DEBUG_INFO = INCLUDE_SOURCE;
				MTL_FAST_MATH = YES;
				ONLY_ACTIVE_ARCH = YES;
				SWIFT_ACTIVE_COMPILATION_CONDITIONS = "DEBUG $(inherited)";
				SWIFT_OPTIMIZATION_LEVEL = "-Onone";
			};
			name = Debug;
		};
		863FB7732BD69F00002FF098 /* Release */ = {
			isa = XCBuildConfiguration;
			buildSettings = {
				ALWAYS_SEARCH_USER_PATHS = NO;
				ASSETCATALOG_COMPILER_GENERATE_SWIFT_ASSET_SYMBOL_EXTENSIONS = YES;
				CLANG_ANALYZER_NONNULL = YES;
				CLANG_ANALYZER_NUMBER_OBJECT_CONVERSION = YES_AGGRESSIVE;
				CLANG_CXX_LANGUAGE_STANDARD = "gnu++20";
				CLANG_ENABLE_MODULES = YES;
				CLANG_ENABLE_OBJC_ARC = YES;
				CLANG_ENABLE_OBJC_WEAK = YES;
				CLANG_WARN_BLOCK_CAPTURE_AUTORELEASING = YES;
				CLANG_WARN_BOOL_CONVERSION = YES;
				CLANG_WARN_COMMA = YES;
				CLANG_WARN_CONSTANT_CONVERSION = YES;
				CLANG_WARN_DEPRECATED_OBJC_IMPLEMENTATIONS = YES;
				CLANG_WARN_DIRECT_OBJC_ISA_USAGE = YES_ERROR;
				CLANG_WARN_DOCUMENTATION_COMMENTS = YES;
				CLANG_WARN_EMPTY_BODY = YES;
				CLANG_WARN_ENUM_CONVERSION = YES;
				CLANG_WARN_INFINITE_RECURSION = YES;
				CLANG_WARN_INT_CONVERSION = YES;
				CLANG_WARN_NON_LITERAL_NULL_CONVERSION = YES;
				CLANG_WARN_OBJC_IMPLICIT_RETAIN_SELF = YES;
				CLANG_WARN_OBJC_LITERAL_CONVERSION = YES;
				CLANG_WARN_OBJC_ROOT_CLASS = YES_ERROR;
				CLANG_WARN_QUOTED_INCLUDE_IN_FRAMEWORK_HEADER = YES;
				CLANG_WARN_RANGE_LOOP_ANALYSIS = YES;
				CLANG_WARN_STRICT_PROTOTYPES = YES;
				CLANG_WARN_SUSPICIOUS_MOVE = YES;
				CLANG_WARN_UNGUARDED_AVAILABILITY = YES_AGGRESSIVE;
				CLANG_WARN_UNREACHABLE_CODE = YES;
				CLANG_WARN__DUPLICATE_METHOD_MATCH = YES;
				COPY_PHASE_STRIP = NO;
				DEBUG_INFORMATION_FORMAT = "dwarf-with-dsym";
				ENABLE_NS_ASSERTIONS = NO;
				ENABLE_STRICT_OBJC_MSGSEND = YES;
				ENABLE_USER_SCRIPT_SANDBOXING = YES;
				GCC_C_LANGUAGE_STANDARD = gnu17;
				GCC_NO_COMMON_BLOCKS = YES;
				GCC_WARN_64_TO_32_BIT_CONVERSION = YES;
				GCC_WARN_ABOUT_RETURN_TYPE = YES_ERROR;
				GCC_WARN_UNDECLARED_SELECTOR = YES;
				GCC_WARN_UNINITIALIZED_AUTOS = YES_AGGRESSIVE;
				GCC_WARN_UNUSED_FUNCTION = YES;
				GCC_WARN_UNUSED_VARIABLE = YES;
				LOCALIZATION_PREFERS_STRING_CATALOGS = YES;
				MTL_ENABLE_DEBUG_INFO = NO;
				MTL_FAST_MATH = YES;
				SWIFT_COMPILATION_MODE = wholemodule;
			};
			name = Release;
		};
		863FB7752BD69F00002FF098 /* Debug */ = {
			isa = XCBuildConfiguration;
			buildSettings = {
				ASSETCATALOG_COMPILER_APPICON_NAME = AppIcon;
				ASSETCATALOG_COMPILER_GLOBAL_ACCENT_COLOR_NAME = AccentColor;
				CODE_SIGN_ENTITLEMENTS = PokemonView/PokemonView.entitlements;
				CODE_SIGN_STYLE = Automatic;
				CURRENT_PROJECT_VERSION = 1;
				DEVELOPMENT_ASSET_PATHS = "\"PokemonView/Preview Content\"";
				DEVELOPMENT_TEAM = 4SQG5NJNPF;
				ENABLE_HARDENED_RUNTIME = YES;
				ENABLE_PREVIEWS = YES;
				GENERATE_INFOPLIST_FILE = YES;
				"INFOPLIST_KEY_UIApplicationSceneManifest_Generation[sdk=iphoneos*]" = YES;
				"INFOPLIST_KEY_UIApplicationSceneManifest_Generation[sdk=iphonesimulator*]" = YES;
				"INFOPLIST_KEY_UIApplicationSupportsIndirectInputEvents[sdk=iphoneos*]" = YES;
				"INFOPLIST_KEY_UIApplicationSupportsIndirectInputEvents[sdk=iphonesimulator*]" = YES;
				"INFOPLIST_KEY_UILaunchScreen_Generation[sdk=iphoneos*]" = YES;
				"INFOPLIST_KEY_UILaunchScreen_Generation[sdk=iphonesimulator*]" = YES;
				"INFOPLIST_KEY_UIStatusBarStyle[sdk=iphoneos*]" = UIStatusBarStyleDefault;
				"INFOPLIST_KEY_UIStatusBarStyle[sdk=iphonesimulator*]" = UIStatusBarStyleDefault;
				INFOPLIST_KEY_UISupportedInterfaceOrientations = UIInterfaceOrientationPortrait;
				IPHONEOS_DEPLOYMENT_TARGET = 17.4;
				LD_RUNPATH_SEARCH_PATHS = "@executable_path/Frameworks";
				"LD_RUNPATH_SEARCH_PATHS[sdk=macosx*]" = "@executable_path/../Frameworks";
				MACOSX_DEPLOYMENT_TARGET = 14.4;
				MARKETING_VERSION = 1.0;
				PRODUCT_BUNDLE_IDENTIFIER = com.activatedapps.PokemonView;
				PRODUCT_NAME = "$(TARGET_NAME)";
				SDKROOT = auto;
				SUPPORTED_PLATFORMS = "iphoneos iphonesimulator macosx";
				SWIFT_EMIT_LOC_STRINGS = YES;
				SWIFT_VERSION = 5.0;
				TARGETED_DEVICE_FAMILY = "1,2";
			};
			name = Debug;
		};
		863FB7762BD69F00002FF098 /* Release */ = {
			isa = XCBuildConfiguration;
			buildSettings = {
				ASSETCATALOG_COMPILER_APPICON_NAME = AppIcon;
				ASSETCATALOG_COMPILER_GLOBAL_ACCENT_COLOR_NAME = AccentColor;
				CODE_SIGN_ENTITLEMENTS = PokemonView/PokemonView.entitlements;
				CODE_SIGN_STYLE = Automatic;
				CURRENT_PROJECT_VERSION = 1;
				DEVELOPMENT_ASSET_PATHS = "\"PokemonView/Preview Content\"";
				DEVELOPMENT_TEAM = 4SQG5NJNPF;
				ENABLE_HARDENED_RUNTIME = YES;
				ENABLE_PREVIEWS = YES;
				GENERATE_INFOPLIST_FILE = YES;
				"INFOPLIST_KEY_UIApplicationSceneManifest_Generation[sdk=iphoneos*]" = YES;
				"INFOPLIST_KEY_UIApplicationSceneManifest_Generation[sdk=iphonesimulator*]" = YES;
				"INFOPLIST_KEY_UIApplicationSupportsIndirectInputEvents[sdk=iphoneos*]" = YES;
				"INFOPLIST_KEY_UIApplicationSupportsIndirectInputEvents[sdk=iphonesimulator*]" = YES;
				"INFOPLIST_KEY_UILaunchScreen_Generation[sdk=iphoneos*]" = YES;
				"INFOPLIST_KEY_UILaunchScreen_Generation[sdk=iphonesimulator*]" = YES;
				"INFOPLIST_KEY_UIStatusBarStyle[sdk=iphoneos*]" = UIStatusBarStyleDefault;
				"INFOPLIST_KEY_UIStatusBarStyle[sdk=iphonesimulator*]" = UIStatusBarStyleDefault;
				INFOPLIST_KEY_UISupportedInterfaceOrientations = UIInterfaceOrientationPortrait;
				IPHONEOS_DEPLOYMENT_TARGET = 17.4;
				LD_RUNPATH_SEARCH_PATHS = "@executable_path/Frameworks";
				"LD_RUNPATH_SEARCH_PATHS[sdk=macosx*]" = "@executable_path/../Frameworks";
				MACOSX_DEPLOYMENT_TARGET = 14.4;
				MARKETING_VERSION = 1.0;
				PRODUCT_BUNDLE_IDENTIFIER = com.activatedapps.PokemonView;
				PRODUCT_NAME = "$(TARGET_NAME)";
				SDKROOT = auto;
				SUPPORTED_PLATFORMS = "iphoneos iphonesimulator macosx";
				SWIFT_EMIT_LOC_STRINGS = YES;
				SWIFT_VERSION = 5.0;
				TARGETED_DEVICE_FAMILY = "1,2";
			};
			name = Release;
		};
		863FB7782BD69F00002FF098 /* Debug */ = {
			isa = XCBuildConfiguration;
			buildSettings = {
				ALWAYS_EMBED_SWIFT_STANDARD_LIBRARIES = YES;
				BUNDLE_LOADER = "$(TEST_HOST)";
				CODE_SIGN_STYLE = Automatic;
				CURRENT_PROJECT_VERSION = 1;
				DEVELOPMENT_TEAM = 4SQG5NJNPF;
				GENERATE_INFOPLIST_FILE = YES;
				IPHONEOS_DEPLOYMENT_TARGET = 17.4;
				MACOSX_DEPLOYMENT_TARGET = 14.4;
				MARKETING_VERSION = 1.0;
				PRODUCT_BUNDLE_IDENTIFIER = com.activatedapps.PokemonViewTests;
				PRODUCT_NAME = "$(TARGET_NAME)";
				SDKROOT = auto;
				SUPPORTED_PLATFORMS = "iphoneos iphonesimulator macosx";
				SWIFT_EMIT_LOC_STRINGS = NO;
				SWIFT_VERSION = 5.0;
				TARGETED_DEVICE_FAMILY = "1,2";
				TEST_HOST = "$(BUILT_PRODUCTS_DIR)/PokemonView.app/$(BUNDLE_EXECUTABLE_FOLDER_PATH)/PokemonView";
			};
			name = Debug;
		};
		863FB7792BD69F00002FF098 /* Release */ = {
			isa = XCBuildConfiguration;
			buildSettings = {
				ALWAYS_EMBED_SWIFT_STANDARD_LIBRARIES = YES;
				BUNDLE_LOADER = "$(TEST_HOST)";
				CODE_SIGN_STYLE = Automatic;
				CURRENT_PROJECT_VERSION = 1;
				DEVELOPMENT_TEAM = 4SQG5NJNPF;
				GENERATE_INFOPLIST_FILE = YES;
				IPHONEOS_DEPLOYMENT_TARGET = 17.4;
				MACOSX_DEPLOYMENT_TARGET = 14.4;
				MARKETING_VERSION = 1.0;
				PRODUCT_BUNDLE_IDENTIFIER = com.activatedapps.PokemonViewTests;
				PRODUCT_NAME = "$(TARGET_NAME)";
				SDKROOT = auto;
				SUPPORTED_PLATFORMS = "iphoneos iphonesimulator macosx";
				SWIFT_EMIT_LOC_STRINGS = NO;
				SWIFT_VERSION = 5.0;
				TARGETED_DEVICE_FAMILY = "1,2";
				TEST_HOST = "$(BUILT_PRODUCTS_DIR)/PokemonView.app/$(BUNDLE_EXECUTABLE_FOLDER_PATH)/PokemonView";
			};
			name = Release;
		};
		863FB77B2BD69F00002FF098 /* Debug */ = {
			isa = XCBuildConfiguration;
			buildSettings = {
				ALWAYS_EMBED_SWIFT_STANDARD_LIBRARIES = YES;
				CODE_SIGN_STYLE = Automatic;
				CURRENT_PROJECT_VERSION = 1;
				DEVELOPMENT_TEAM = 4SQG5NJNPF;
				GENERATE_INFOPLIST_FILE = YES;
				IPHONEOS_DEPLOYMENT_TARGET = 17.4;
				MACOSX_DEPLOYMENT_TARGET = 14.4;
				MARKETING_VERSION = 1.0;
				PRODUCT_BUNDLE_IDENTIFIER = com.activatedapps.PokemonViewUITests;
				PRODUCT_NAME = "$(TARGET_NAME)";
				SDKROOT = auto;
				SUPPORTED_PLATFORMS = "iphoneos iphonesimulator macosx";
				SWIFT_EMIT_LOC_STRINGS = NO;
				SWIFT_VERSION = 5.0;
				TARGETED_DEVICE_FAMILY = "1,2";
				TEST_TARGET_NAME = PokemonView;
			};
			name = Debug;
		};
		863FB77C2BD69F00002FF098 /* Release */ = {
			isa = XCBuildConfiguration;
			buildSettings = {
				ALWAYS_EMBED_SWIFT_STANDARD_LIBRARIES = YES;
				CODE_SIGN_STYLE = Automatic;
				CURRENT_PROJECT_VERSION = 1;
				DEVELOPMENT_TEAM = 4SQG5NJNPF;
				GENERATE_INFOPLIST_FILE = YES;
				IPHONEOS_DEPLOYMENT_TARGET = 17.4;
				MACOSX_DEPLOYMENT_TARGET = 14.4;
				MARKETING_VERSION = 1.0;
				PRODUCT_BUNDLE_IDENTIFIER = com.activatedapps.PokemonViewUITests;
				PRODUCT_NAME = "$(TARGET_NAME)";
				SDKROOT = auto;
				SUPPORTED_PLATFORMS = "iphoneos iphonesimulator macosx";
				SWIFT_EMIT_LOC_STRINGS = NO;
				SWIFT_VERSION = 5.0;
				TARGETED_DEVICE_FAMILY = "1,2";
				TEST_TARGET_NAME = PokemonView;
			};
			name = Release;
		};
/* End XCBuildConfiguration section */

/* Begin XCConfigurationList section */
		863FB74A2BD69EFD002FF098 /* Build configuration list for PBXProject "PokemonView" */ = {
			isa = XCConfigurationList;
			buildConfigurations = (
				863FB7722BD69F00002FF098 /* Debug */,
				863FB7732BD69F00002FF098 /* Release */,
			);
			defaultConfigurationIsVisible = 0;
			defaultConfigurationName = Release;
		};
		863FB7742BD69F00002FF098 /* Build configuration list for PBXNativeTarget "PokemonView" */ = {
			isa = XCConfigurationList;
			buildConfigurations = (
				863FB7752BD69F00002FF098 /* Debug */,
				863FB7762BD69F00002FF098 /* Release */,
			);
			defaultConfigurationIsVisible = 0;
			defaultConfigurationName = Release;
		};
		863FB7772BD69F00002FF098 /* Build configuration list for PBXNativeTarget "PokemonViewTests" */ = {
			isa = XCConfigurationList;
			buildConfigurations = (
				863FB7782BD69F00002FF098 /* Debug */,
				863FB7792BD69F00002FF098 /* Release */,
			);
			defaultConfigurationIsVisible = 0;
			defaultConfigurationName = Release;
		};
		863FB77A2BD69F00002FF098 /* Build configuration list for PBXNativeTarget "PokemonViewUITests" */ = {
			isa = XCConfigurationList;
			buildConfigurations = (
				863FB77B2BD69F00002FF098 /* Debug */,
				863FB77C2BD69F00002FF098 /* Release */,
			);
			defaultConfigurationIsVisible = 0;
			defaultConfigurationName = Release;
		};
/* End XCConfigurationList section */

/* Begin XCRemoteSwiftPackageReference section */
		863FB7A12BD9D4B6002FF098 /* XCRemoteSwiftPackageReference "OggDecoder" */ = {
			isa = XCRemoteSwiftPackageReference;
			repositoryURL = "https://github.com/arkasas/OggDecoder";
			requirement = {
				branch = main;
				kind = branch;
			};
		};
		86E4230E2BDC03A70055A402 /* XCRemoteSwiftPackageReference "Nuke" */ = {
			isa = XCRemoteSwiftPackageReference;
			repositoryURL = "https://github.com/kean/Nuke";
			requirement = {
				kind = upToNextMajorVersion;
				minimumVersion = 12.6.0;
			};
		};
/* End XCRemoteSwiftPackageReference section */

/* Begin XCSwiftPackageProductDependency section */
		863FB7A22BD9D5B0002FF098 /* OggDecoder */ = {
			isa = XCSwiftPackageProductDependency;
			package = 863FB7A12BD9D4B6002FF098 /* XCRemoteSwiftPackageReference "OggDecoder" */;
			productName = OggDecoder;
		};
		86E4230F2BDC03A70055A402 /* Nuke */ = {
			isa = XCSwiftPackageProductDependency;
			package = 86E4230E2BDC03A70055A402 /* XCRemoteSwiftPackageReference "Nuke" */;
			productName = Nuke;
		};
		86E423112BDC03A70055A402 /* NukeExtensions */ = {
			isa = XCSwiftPackageProductDependency;
			package = 86E4230E2BDC03A70055A402 /* XCRemoteSwiftPackageReference "Nuke" */;
			productName = NukeExtensions;
		};
		86E423132BDC03A70055A402 /* NukeUI */ = {
			isa = XCSwiftPackageProductDependency;
			package = 86E4230E2BDC03A70055A402 /* XCRemoteSwiftPackageReference "Nuke" */;
			productName = NukeUI;
		};
/* End XCSwiftPackageProductDependency section */
	};
	rootObject = 863FB7472BD69EFD002FF098 /* Project object */;
}
