// !$*UTF8*$!
{
	archiveVersion = 1;
	classes = {
	};
	objectVersion = 56;
	objects = {

/* Begin PBXBuildFile section */
		863FB7532BD69EFD002FF098 /* PokemonViewApp.swift in Sources */ = {isa = PBXBuildFile; fileRef = 863FB7522BD69EFD002FF098 /* PokemonViewApp.swift */; };
		863FB7552BD69EFD002FF098 /* ContentView.swift in Sources */ = {isa = PBXBuildFile; fileRef = 863FB7542BD69EFD002FF098 /* ContentView.swift */; };
		863FB7572BD69F00002FF098 /* Assets.xcassets in Resources */ = {isa = PBXBuildFile; fileRef = 863FB7562BD69F00002FF098 /* Assets.xcassets */; };
		863FB75B2BD69F00002FF098 /* Preview Assets.xcassets in Resources */ = {isa = PBXBuildFile; fileRef = 863FB75A2BD69F00002FF098 /* Preview Assets.xcassets */; };
		863FB7652BD69F00002FF098 /* PokemonViewTests.swift in Sources */ = {isa = PBXBuildFile; fileRef = 863FB7642BD69F00002FF098 /* PokemonViewTests.swift */; };
		863FB76F2BD69F00002FF098 /* PokemonViewUITests.swift in Sources */ = {isa = PBXBuildFile; fileRef = 863FB76E2BD69F00002FF098 /* PokemonViewUITests.swift */; };
		863FB7712BD69F00002FF098 /* PokemonViewUITestsLaunchTests.swift in Sources */ = {isa = PBXBuildFile; fileRef = 863FB7702BD69F00002FF098 /* PokemonViewUITestsLaunchTests.swift */; };
/* End PBXBuildFile section */

/* Begin PBXContainerItemProxy section */
		863FB7612BD69F00002FF098 /* PBXContainerItemProxy */ = {
			isa = PBXContainerItemProxy;
			containerPortal = 863FB7472BD69EFD002FF098 /* Project object */;
			proxyType = 1;
			remoteGlobalIDString = 863FB74E2BD69EFD002FF098;
			remoteInfo = PokemonView;
		};
		863FB76B2BD69F00002FF098 /* PBXContainerItemProxy */ = {
			isa = PBXContainerItemProxy;
			containerPortal = 863FB7472BD69EFD002FF098 /* Project object */;
			proxyType = 1;
			remoteGlobalIDString = 863FB74E2BD69EFD002FF098;
			remoteInfo = PokemonView;
		};
/* End PBXContainerItemProxy section */

/* Begin PBXFileReference section */
		863FB74F2BD69EFD002FF098 /* PokemonView.app */ = {isa = PBXFileReference; explicitFileType = wrapper.application; includeInIndex = 0; path = PokemonView.app; sourceTree = BUILT_PRODUCTS_DIR; };
		863FB7522BD69EFD002FF098 /* PokemonViewApp.swift */ = {isa = PBXFileReference; lastKnownFileType = sourcecode.swift; path = PokemonViewApp.swift; sourceTree = "<group>"; };
		863FB7542BD69EFD002FF098 /* ContentView.swift */ = {isa = PBXFileReference; lastKnownFileType = sourcecode.swift; path = ContentView.swift; sourceTree = "<group>"; };
		863FB7562BD69F00002FF098 /* Assets.xcassets */ = {isa = PBXFileReference; lastKnownFileType = folder.assetcatalog; path = Assets.xcassets; sourceTree = "<group>"; };
		863FB7582BD69F00002FF098 /* PokemonView.entitlements */ = {isa = PBXFileReference; lastKnownFileType = text.plist.entitlements; path = PokemonView.entitlements; sourceTree = "<group>"; };
		863FB75A2BD69F00002FF098 /* Preview Assets.xcassets */ = {isa = PBXFileReference; lastKnownFileType = folder.assetcatalog; path = "Preview Assets.xcassets"; sourceTree = "<group>"; };
		863FB7602BD69F00002FF098 /* PokemonViewTests.xctest */ = {isa = PBXFileReference; explicitFileType = wrapper.cfbundle; includeInIndex = 0; path = PokemonViewTests.xctest; sourceTree = BUILT_PRODUCTS_DIR; };
		863FB7642BD69F00002FF098 /* PokemonViewTests.swift */ = {isa = PBXFileReference; lastKnownFileType = sourcecode.swift; path = PokemonViewTests.swift; sourceTree = "<group>"; };
		863FB76A2BD69F00002FF098 /* PokemonViewUITests.xctest */ = {isa = PBXFileReference; explicitFileType = wrapper.cfbundle; includeInIndex = 0; path = PokemonViewUITests.xctest; sourceTree = BUILT_PRODUCTS_DIR; };
		863FB76E2BD69F00002FF098 /* PokemonViewUITests.swift */ = {isa = PBXFileReference; lastKnownFileType = sourcecode.swift; path = PokemonViewUITests.swift; sourceTree = "<group>"; };
		863FB7702BD69F00002FF098 /* PokemonViewUITestsLaunchTests.swift */ = {isa = PBXFileReference; lastKnownFileType = sourcecode.swift; path = PokemonViewUITestsLaunchTests.swift; sourceTree = "<group>"; };
/* End PBXFileReference section */

/* Begin PBXFrameworksBuildPhase section */
		863FB74C2BD69EFD002FF098 /* Frameworks */ = {
			isa = PBXFrameworksBuildPhase;
			buildActionMask = 2147483647;
			files = (
			);
			runOnlyForDeploymentPostprocessing = 0;
		};
		863FB75D2BD69F00002FF098 /* Frameworks */ = {
			isa = PBXFrameworksBuildPhase;
			buildActionMask = 2147483647;
			files = (
			);
			runOnlyForDeploymentPostprocessing = 0;
		};
		863FB7672BD69F00002FF098 /* Frameworks */ = {
			isa = PBXFrameworksBuildPhase;
			buildActionMask = 2147483647;
			files = (
			);
			runOnlyForDeploymentPostprocessing = 0;
		};
/* End PBXFrameworksBuildPhase section */

/* Begin PBXGroup section */
		863FB7462BD69EFD002FF098 = {
			isa = PBXGroup;
			children = (
				863FB7512BD69EFD002FF098 /* PokemonView */,
				863FB7632BD69F00002FF098 /* PokemonViewTests */,
				863FB76D2BD69F00002FF098 /* PokemonViewUITests */,
				863FB7502BD69EFD002FF098 /* Products */,
			);
			sourceTree = "<group>";
		};
		863FB7502BD69EFD002FF098 /* Products */ = {
			isa = PBXGroup;
			children = (
				863FB74F2BD69EFD002FF098 /* PokemonView.app */,
				863FB7602BD69F00002FF098 /* PokemonViewTests.xctest */,
				863FB76A2BD69F00002FF098 /* PokemonViewUITests.xctest */,
			);
			name = Products;
			sourceTree = "<group>";
		};
		863FB7512BD69EFD002FF098 /* PokemonView */ = {
			isa = PBXGroup;
			children = (
				863FB7522BD69EFD002FF098 /* PokemonViewApp.swift */,
				863FB7542BD69EFD002FF098 /* ContentView.swift */,
				863FB7562BD69F00002FF098 /* Assets.xcassets */,
				863FB7582BD69F00002FF098 /* PokemonView.entitlements */,
				863FB7592BD69F00002FF098 /* Preview Content */,
			);
			path = PokemonView;
			sourceTree = "<group>";
		};
		863FB7592BD69F00002FF098 /* Preview Content */ = {
			isa = PBXGroup;
			children = (
				863FB75A2BD69F00002FF098 /* Preview Assets.xcassets */,
			);
			path = "Preview Content";
			sourceTree = "<group>";
		};
		863FB7632BD69F00002FF098 /* PokemonViewTests */ = {
			isa = PBXGroup;
			children = (
				863FB7642BD69F00002FF098 /* PokemonViewTests.swift */,
			);
			path = PokemonViewTests;
			sourceTree = "<group>";
		};
		863FB76D2BD69F00002FF098 /* PokemonViewUITests */ = {
			isa = PBXGroup;
			children = (
				863FB76E2BD69F00002FF098 /* PokemonViewUITests.swift */,
				863FB7702BD69F00002FF098 /* PokemonViewUITestsLaunchTests.swift */,
			);
			path = PokemonViewUITests;
			sourceTree = "<group>";
		};
/* End PBXGroup section */

/* Begin PBXNativeTarget section */
		863FB74E2BD69EFD002FF098 /* PokemonView */ = {
			isa = PBXNativeTarget;
			buildConfigurationList = 863FB7742BD69F00002FF098 /* Build configuration list for PBXNativeTarget "PokemonView" */;
			buildPhases = (
				863FB74B2BD69EFD002FF098 /* Sources */,
				863FB74C2BD69EFD002FF098 /* Frameworks */,
				863FB74D2BD69EFD002FF098 /* Resources */,
			);
			buildRules = (
			);
			dependencies = (
			);
			name = PokemonView;
			productName = PokemonView;
			productReference = 863FB74F2BD69EFD002FF098 /* PokemonView.app */;
			productType = "com.apple.product-type.application";
		};
		863FB75F2BD69F00002FF098 /* PokemonViewTests */ = {
			isa = PBXNativeTarget;
			buildConfigurationList = 863FB7772BD69F00002FF098 /* Build configuration list for PBXNativeTarget "PokemonViewTests" */;
			buildPhases = (
				863FB75C2BD69F00002FF098 /* Sources */,
				863FB75D2BD69F00002FF098 /* Frameworks */,
				863FB75E2BD69F00002FF098 /* Resources */,
			);
			buildRules = (
			);
			dependencies = (
				863FB7622BD69F00002FF098 /* PBXTargetDependency */,
			);
			name = PokemonViewTests;
			productName = PokemonViewTests;
			productReference = 863FB7602BD69F00002FF098 /* PokemonViewTests.xctest */;
			productType = "com.apple.product-type.bundle.unit-test";
		};
		863FB7692BD69F00002FF098 /* PokemonViewUITests */ = {
			isa = PBXNativeTarget;
			buildConfigurationList = 863FB77A2BD69F00002FF098 /* Build configuration list for PBXNativeTarget "PokemonViewUITests" */;
			buildPhases = (
				863FB7662BD69F00002FF098 /* Sources */,
				863FB7672BD69F00002FF098 /* Frameworks */,
				863FB7682BD69F00002FF098 /* Resources */,
			);
			buildRules = (
			);
			dependencies = (
				863FB76C2BD69F00002FF098 /* PBXTargetDependency */,
			);
			name = PokemonViewUITests;
			productName = PokemonViewUITests;
			productReference = 863FB76A2BD69F00002FF098 /* PokemonViewUITests.xctest */;
			productType = "com.apple.product-type.bundle.ui-testing";
		};
/* End PBXNativeTarget section */

/* Begin PBXProject section */
		863FB7472BD69EFD002FF098 /* Project object */ = {
			isa = PBXProject;
			attributes = {
				BuildIndependentTargetsInParallel = 1;
				LastSwiftUpdateCheck = 1530;
				LastUpgradeCheck = 1530;
				TargetAttributes = {
					863FB74E2BD69EFD002FF098 = {
						CreatedOnToolsVersion = 15.3;
					};
					863FB75F2BD69F00002FF098 = {
						CreatedOnToolsVersion = 15.3;
						TestTargetID = 863FB74E2BD69EFD002FF098;
					};
					863FB7692BD69F00002FF098 = {
						CreatedOnToolsVersion = 15.3;
						TestTargetID = 863FB74E2BD69EFD002FF098;
					};
				};
			};
			buildConfigurationList = 863FB74A2BD69EFD002FF098 /* Build configuration list for PBXProject "PokemonView" */;
			compatibilityVersion = "Xcode 14.0";
			developmentRegion = en;
			hasScannedForEncodings = 0;
			knownRegions = (
				en,
				Base,
			);
			mainGroup = 863FB7462BD69EFD002FF098;
			productRefGroup = 863FB7502BD69EFD002FF098 /* Products */;
			projectDirPath = "";
			projectRoot = "";
			targets = (
				863FB74E2BD69EFD002FF098 /* PokemonView */,
				863FB75F2BD69F00002FF098 /* PokemonViewTests */,
				863FB7692BD69F00002FF098 /* PokemonViewUITests */,
			);
		};
/* End PBXProject section */

/* Begin PBXResourcesBuildPhase section */
		863FB74D2BD69EFD002FF098 /* Resources */ = {
			isa = PBXResourcesBuildPhase;
			buildActionMask = 2147483647;
			files = (
				863FB75B2BD69F00002FF098 /* Preview Assets.xcassets in Resources */,
				863FB7572BD69F00002FF098 /* Assets.xcassets in Resources */,
			);
			runOnlyForDeploymentPostprocessing = 0;
		};
		863FB75E2BD69F00002FF098 /* Resources */ = {
			isa = PBXResourcesBuildPhase;
			buildActionMask = 2147483647;
			files = (
			);
			runOnlyForDeploymentPostprocessing = 0;
		};
		863FB7682BD69F00002FF098 /* Resources */ = {
			isa = PBXResourcesBuildPhase;
			buildActionMask = 2147483647;
			files = (
			);
			runOnlyForDeploymentPostprocessing = 0;
		};
/* End PBXResourcesBuildPhase section */

/* Begin PBXSourcesBuildPhase section */
		863FB74B2BD69EFD002FF098 /* Sources */ = {
			isa = PBXSourcesBuildPhase;
			buildActionMask = 2147483647;
			files = (
				863FB7552BD69EFD002FF098 /* ContentView.swift in Sources */,
				863FB7532BD69EFD002FF098 /* PokemonViewApp.swift in Sources */,
			);
			runOnlyForDeploymentPostprocessing = 0;
		};
		863FB75C2BD69F00002FF098 /* Sources */ = {
			isa = PBXSourcesBuildPhase;
			buildActionMask = 2147483647;
			files = (
				863FB7652BD69F00002FF098 /* PokemonViewTests.swift in Sources */,
			);
			runOnlyForDeploymentPostprocessing = 0;
		};
		863FB7662BD69F00002FF098 /* Sources */ = {
			isa = PBXSourcesBuildPhase;
			buildActionMask = 2147483647;
			files = (
				863FB76F2BD69F00002FF098 /* PokemonViewUITests.swift in Sources */,
				863FB7712BD69F00002FF098 /* PokemonViewUITestsLaunchTests.swift in Sources */,
			);
			runOnlyForDeploymentPostprocessing = 0;
		};
/* End PBXSourcesBuildPhase section */

/* Begin PBXTargetDependency section */
		863FB7622BD69F00002FF098 /* PBXTargetDependency */ = {
			isa = PBXTargetDependency;
			target = 863FB74E2BD69EFD002FF098 /* PokemonView */;
			targetProxy = 863FB7612BD69F00002FF098 /* PBXContainerItemProxy */;
		};
		863FB76C2BD69F00002FF098 /* PBXTargetDependency */ = {
			isa = PBXTargetDependency;
			target = 863FB74E2BD69EFD002FF098 /* PokemonView */;
			targetProxy = 863FB76B2BD69F00002FF098 /* PBXContainerItemProxy */;
		};
/* End PBXTargetDependency section */

/* Begin XCBuildConfiguration section */
		863FB7722BD69F00002FF098 /* Debug */ = {
			isa = XCBuildConfiguration;
			buildSettings = {
				ALWAYS_SEARCH_USER_PATHS = NO;
				ASSETCATALOG_COMPILER_GENERATE_SWIFT_ASSET_SYMBOL_EXTENSIONS = YES;
				CLANG_ANALYZER_NONNULL = YES;
				CLANG_ANALYZER_NUMBER_OBJECT_CONVERSION = YES_AGGRESSIVE;
				CLANG_CXX_LANGUAGE_STANDARD = "gnu++20";
				CLANG_ENABLE_MODULES = YES;
				CLANG_ENABLE_OBJC_ARC = YES;
				CLANG_ENABLE_OBJC_WEAK = YES;
				CLANG_WARN_BLOCK_CAPTURE_AUTORELEASING = YES;
				CLANG_WARN_BOOL_CONVERSION = YES;
				CLANG_WARN_COMMA = YES;
				CLANG_WARN_CONSTANT_CONVERSION = YES;
				CLANG_WARN_DEPRECATED_OBJC_IMPLEMENTATIONS = YES;
				CLANG_WARN_DIRECT_OBJC_ISA_USAGE = YES_ERROR;
				CLANG_WARN_DOCUMENTATION_COMMENTS = YES;
				CLANG_WARN_EMPTY_BODY = YES;
				CLANG_WARN_ENUM_CONVERSION = YES;
				CLANG_WARN_INFINITE_RECURSION = YES;
				CLANG_WARN_INT_CONVERSION = YES;
				CLANG_WARN_NON_LITERAL_NULL_CONVERSION = YES;
				CLANG_WARN_OBJC_IMPLICIT_RETAIN_SELF = YES;
				CLANG_WARN_OBJC_LITERAL_CONVERSION = YES;
				CLANG_WARN_OBJC_ROOT_CLASS = YES_ERROR;
				CLANG_WARN_QUOTED_INCLUDE_IN_FRAMEWORK_HEADER = YES;
				CLANG_WARN_RANGE_LOOP_ANALYSIS = YES;
				CLANG_WARN_STRICT_PROTOTYPES = YES;
				CLANG_WARN_SUSPICIOUS_MOVE = YES;
				CLANG_WARN_UNGUARDED_AVAILABILITY = YES_AGGRESSIVE;
				CLANG_WARN_UNREACHABLE_CODE = YES;
				CLANG_WARN__DUPLICATE_METHOD_MATCH = YES;
				COPY_PHASE_STRIP = NO;
				DEBUG_INFORMATION_FORMAT = dwarf;
				ENABLE_STRICT_OBJC_MSGSEND = YES;
				ENABLE_TESTABILITY = YES;
				ENABLE_USER_SCRIPT_SANDBOXING = YES;
				GCC_C_LANGUAGE_STANDARD = gnu17;
				GCC_DYNAMIC_NO_PIC = NO;
				GCC_NO_COMMON_BLOCKS = YES;
				GCC_OPTIMIZATION_LEVEL = 0;
				GCC_PREPROCESSOR_DEFINITIONS = (
					"DEBUG=1",
					"$(inherited)",
				);
				GCC_WARN_64_TO_32_BIT_CONVERSION = YES;
				GCC_WARN_ABOUT_RETURN_TYPE = YES_ERROR;
				GCC_WARN_UNDECLARED_SELECTOR = YES;
				GCC_WARN_UNINITIALIZED_AUTOS = YES_AGGRESSIVE;
				GCC_WARN_UNUSED_FUNCTION = YES;
				GCC_WARN_UNUSED_VARIABLE = YES;
				LOCALIZATION_PREFERS_STRING_CATALOGS = YES;
				MTL_ENABLE_DEBUG_INFO = INCLUDE_SOURCE;
				MTL_FAST_MATH = YES;
				ONLY_ACTIVE_ARCH = YES;
				SWIFT_ACTIVE_COMPILATION_CONDITIONS = "DEBUG $(inherited)";
				SWIFT_OPTIMIZATION_LEVEL = "-Onone";
			};
			name = Debug;
		};
		863FB7732BD69F00002FF098 /* Release */ = {
			isa = XCBuildConfiguration;
			buildSettings = {
				ALWAYS_SEARCH_USER_PATHS = NO;
				ASSETCATALOG_COMPILER_GENERATE_SWIFT_ASSET_SYMBOL_EXTENSIONS = YES;
				CLANG_ANALYZER_NONNULL = YES;
				CLANG_ANALYZER_NUMBER_OBJECT_CONVERSION = YES_AGGRESSIVE;
				CLANG_CXX_LANGUAGE_STANDARD = "gnu++20";
				CLANG_ENABLE_MODULES = YES;
				CLANG_ENABLE_OBJC_ARC = YES;
				CLANG_ENABLE_OBJC_WEAK = YES;
				CLANG_WARN_BLOCK_CAPTURE_AUTORELEASING = YES;
				CLANG_WARN_BOOL_CONVERSION = YES;
				CLANG_WARN_COMMA = YES;
				CLANG_WARN_CONSTANT_CONVERSION = YES;
				CLANG_WARN_DEPRECATED_OBJC_IMPLEMENTATIONS = YES;
				CLANG_WARN_DIRECT_OBJC_ISA_USAGE = YES_ERROR;
				CLANG_WARN_DOCUMENTATION_COMMENTS = YES;
				CLANG_WARN_EMPTY_BODY = YES;
				CLANG_WARN_ENUM_CONVERSION = YES;
				CLANG_WARN_INFINITE_RECURSION = YES;
				CLANG_WARN_INT_CONVERSION = YES;
				CLANG_WARN_NON_LITERAL_NULL_CONVERSION = YES;
				CLANG_WARN_OBJC_IMPLICIT_RETAIN_SELF = YES;
				CLANG_WARN_OBJC_LITERAL_CONVERSION = YES;
				CLANG_WARN_OBJC_ROOT_CLASS = YES_ERROR;
				CLANG_WARN_QUOTED_INCLUDE_IN_FRAMEWORK_HEADER = YES;
				CLANG_WARN_RANGE_LOOP_ANALYSIS = YES;
				CLANG_WARN_STRICT_PROTOTYPES = YES;
				CLANG_WARN_SUSPICIOUS_MOVE = YES;
				CLANG_WARN_UNGUARDED_AVAILABILITY = YES_AGGRESSIVE;
				CLANG_WARN_UNREACHABLE_CODE = YES;
				CLANG_WARN__DUPLICATE_METHOD_MATCH = YES;
				COPY_PHASE_STRIP = NO;
				DEBUG_INFORMATION_FORMAT = "dwarf-with-dsym";
				ENABLE_NS_ASSERTIONS = NO;
				ENABLE_STRICT_OBJC_MSGSEND = YES;
				ENABLE_USER_SCRIPT_SANDBOXING = YES;
				GCC_C_LANGUAGE_STANDARD = gnu17;
				GCC_NO_COMMON_BLOCKS = YES;
				GCC_WARN_64_TO_32_BIT_CONVERSION = YES;
				GCC_WARN_ABOUT_RETURN_TYPE = YES_ERROR;
				GCC_WARN_UNDECLARED_SELECTOR = YES;
				GCC_WARN_UNINITIALIZED_AUTOS = YES_AGGRESSIVE;
				GCC_WARN_UNUSED_FUNCTION = YES;
				GCC_WARN_UNUSED_VARIABLE = YES;
				LOCALIZATION_PREFERS_STRING_CATALOGS = YES;
				MTL_ENABLE_DEBUG_INFO = NO;
				MTL_FAST_MATH = YES;
				SWIFT_COMPILATION_MODE = wholemodule;
			};
			name = Release;
		};
		863FB7752BD69F00002FF098 /* Debug */ = {
			isa = XCBuildConfiguration;
			buildSettings = {
				ASSETCATALOG_COMPILER_APPICON_NAME = AppIcon;
				ASSETCATALOG_COMPILER_GLOBAL_ACCENT_COLOR_NAME = AccentColor;
				CODE_SIGN_ENTITLEMENTS = PokemonView/PokemonView.entitlements;
				CODE_SIGN_STYLE = Automatic;
				CURRENT_PROJECT_VERSION = 1;
				DEVELOPMENT_ASSET_PATHS = "\"PokemonView/Preview Content\"";
				DEVELOPMENT_TEAM = 4SQG5NJNPF;
				ENABLE_HARDENED_RUNTIME = YES;
				ENABLE_PREVIEWS = YES;
				GENERATE_INFOPLIST_FILE = YES;
				"INFOPLIST_KEY_UIApplicationSceneManifest_Generation[sdk=iphoneos*]" = YES;
				"INFOPLIST_KEY_UIApplicationSceneManifest_Generation[sdk=iphonesimulator*]" = YES;
				"INFOPLIST_KEY_UIApplicationSupportsIndirectInputEvents[sdk=iphoneos*]" = YES;
				"INFOPLIST_KEY_UIApplicationSupportsIndirectInputEvents[sdk=iphonesimulator*]" = YES;
				"INFOPLIST_KEY_UILaunchScreen_Generation[sdk=iphoneos*]" = YES;
				"INFOPLIST_KEY_UILaunchScreen_Generation[sdk=iphonesimulator*]" = YES;
				"INFOPLIST_KEY_UIStatusBarStyle[sdk=iphoneos*]" = UIStatusBarStyleDefault;
				"INFOPLIST_KEY_UIStatusBarStyle[sdk=iphonesimulator*]" = UIStatusBarStyleDefault;
				INFOPLIST_KEY_UISupportedInterfaceOrientations_iPad = "UIInterfaceOrientationPortrait UIInterfaceOrientationPortraitUpsideDown UIInterfaceOrientationLandscapeLeft UIInterfaceOrientationLandscapeRight";
				INFOPLIST_KEY_UISupportedInterfaceOrientations_iPhone = "UIInterfaceOrientationPortrait UIInterfaceOrientationLandscapeLeft UIInterfaceOrientationLandscapeRight";
				IPHONEOS_DEPLOYMENT_TARGET = 17.4;
				LD_RUNPATH_SEARCH_PATHS = "@executable_path/Frameworks";
				"LD_RUNPATH_SEARCH_PATHS[sdk=macosx*]" = "@executable_path/../Frameworks";
				MACOSX_DEPLOYMENT_TARGET = 14.4;
				MARKETING_VERSION = 1.0;
				PRODUCT_BUNDLE_IDENTIFIER = com.activatedapps.PokemonView;
				PRODUCT_NAME = "$(TARGET_NAME)";
				SDKROOT = auto;
				SUPPORTED_PLATFORMS = "iphoneos iphonesimulator macosx";
				SWIFT_EMIT_LOC_STRINGS = YES;
				SWIFT_VERSION = 5.0;
				TARGETED_DEVICE_FAMILY = "1,2";
			};
			name = Debug;
		};
		863FB7762BD69F00002FF098 /* Release */ = {
			isa = XCBuildConfiguration;
			buildSettings = {
				ASSETCATALOG_COMPILER_APPICON_NAME = AppIcon;
				ASSETCATALOG_COMPILER_GLOBAL_ACCENT_COLOR_NAME = AccentColor;
				CODE_SIGN_ENTITLEMENTS = PokemonView/PokemonView.entitlements;
				CODE_SIGN_STYLE = Automatic;
				CURRENT_PROJECT_VERSION = 1;
				DEVELOPMENT_ASSET_PATHS = "\"PokemonView/Preview Content\"";
				DEVELOPMENT_TEAM = 4SQG5NJNPF;
				ENABLE_HARDENED_RUNTIME = YES;
				ENABLE_PREVIEWS = YES;
				GENERATE_INFOPLIST_FILE = YES;
				"INFOPLIST_KEY_UIApplicationSceneManifest_Generation[sdk=iphoneos*]" = YES;
				"INFOPLIST_KEY_UIApplicationSceneManifest_Generation[sdk=iphonesimulator*]" = YES;
				"INFOPLIST_KEY_UIApplicationSupportsIndirectInputEvents[sdk=iphoneos*]" = YES;
				"INFOPLIST_KEY_UIApplicationSupportsIndirectInputEvents[sdk=iphonesimulator*]" = YES;
				"INFOPLIST_KEY_UILaunchScreen_Generation[sdk=iphoneos*]" = YES;
				"INFOPLIST_KEY_UILaunchScreen_Generation[sdk=iphonesimulator*]" = YES;
				"INFOPLIST_KEY_UIStatusBarStyle[sdk=iphoneos*]" = UIStatusBarStyleDefault;
				"INFOPLIST_KEY_UIStatusBarStyle[sdk=iphonesimulator*]" = UIStatusBarStyleDefault;
				INFOPLIST_KEY_UISupportedInterfaceOrientations_iPad = "UIInterfaceOrientationPortrait UIInterfaceOrientationPortraitUpsideDown UIInterfaceOrientationLandscapeLeft UIInterfaceOrientationLandscapeRight";
				INFOPLIST_KEY_UISupportedInterfaceOrientations_iPhone = "UIInterfaceOrientationPortrait UIInterfaceOrientationLandscapeLeft UIInterfaceOrientationLandscapeRight";
				IPHONEOS_DEPLOYMENT_TARGET = 17.4;
				LD_RUNPATH_SEARCH_PATHS = "@executable_path/Frameworks";
				"LD_RUNPATH_SEARCH_PATHS[sdk=macosx*]" = "@executable_path/../Frameworks";
				MACOSX_DEPLOYMENT_TARGET = 14.4;
				MARKETING_VERSION = 1.0;
				PRODUCT_BUNDLE_IDENTIFIER = com.activatedapps.PokemonView;
				PRODUCT_NAME = "$(TARGET_NAME)";
				SDKROOT = auto;
				SUPPORTED_PLATFORMS = "iphoneos iphonesimulator macosx";
				SWIFT_EMIT_LOC_STRINGS = YES;
				SWIFT_VERSION = 5.0;
				TARGETED_DEVICE_FAMILY = "1,2";
			};
			name = Release;
		};
		863FB7782BD69F00002FF098 /* Debug */ = {
			isa = XCBuildConfiguration;
			buildSettings = {
				ALWAYS_EMBED_SWIFT_STANDARD_LIBRARIES = YES;
				BUNDLE_LOADER = "$(TEST_HOST)";
				CODE_SIGN_STYLE = Automatic;
				CURRENT_PROJECT_VERSION = 1;
				DEVELOPMENT_TEAM = 4SQG5NJNPF;
				GENERATE_INFOPLIST_FILE = YES;
				IPHONEOS_DEPLOYMENT_TARGET = 17.4;
				MACOSX_DEPLOYMENT_TARGET = 14.4;
				MARKETING_VERSION = 1.0;
				PRODUCT_BUNDLE_IDENTIFIER = com.activatedapps.PokemonViewTests;
				PRODUCT_NAME = "$(TARGET_NAME)";
				SDKROOT = auto;
				SUPPORTED_PLATFORMS = "iphoneos iphonesimulator macosx";
				SWIFT_EMIT_LOC_STRINGS = NO;
				SWIFT_VERSION = 5.0;
				TARGETED_DEVICE_FAMILY = "1,2";
				TEST_HOST = "$(BUILT_PRODUCTS_DIR)/PokemonView.app/$(BUNDLE_EXECUTABLE_FOLDER_PATH)/PokemonView";
			};
			name = Debug;
		};
		863FB7792BD69F00002FF098 /* Release */ = {
			isa = XCBuildConfiguration;
			buildSettings = {
				ALWAYS_EMBED_SWIFT_STANDARD_LIBRARIES = YES;
				BUNDLE_LOADER = "$(TEST_HOST)";
				CODE_SIGN_STYLE = Automatic;
				CURRENT_PROJECT_VERSION = 1;
				DEVELOPMENT_TEAM = 4SQG5NJNPF;
				GENERATE_INFOPLIST_FILE = YES;
				IPHONEOS_DEPLOYMENT_TARGET = 17.4;
				MACOSX_DEPLOYMENT_TARGET = 14.4;
				MARKETING_VERSION = 1.0;
				PRODUCT_BUNDLE_IDENTIFIER = com.activatedapps.PokemonViewTests;
				PRODUCT_NAME = "$(TARGET_NAME)";
				SDKROOT = auto;
				SUPPORTED_PLATFORMS = "iphoneos iphonesimulator macosx";
				SWIFT_EMIT_LOC_STRINGS = NO;
				SWIFT_VERSION = 5.0;
				TARGETED_DEVICE_FAMILY = "1,2";
				TEST_HOST = "$(BUILT_PRODUCTS_DIR)/PokemonView.app/$(BUNDLE_EXECUTABLE_FOLDER_PATH)/PokemonView";
			};
			name = Release;
		};
		863FB77B2BD69F00002FF098 /* Debug */ = {
			isa = XCBuildConfiguration;
			buildSettings = {
				ALWAYS_EMBED_SWIFT_STANDARD_LIBRARIES = YES;
				CODE_SIGN_STYLE = Automatic;
				CURRENT_PROJECT_VERSION = 1;
				DEVELOPMENT_TEAM = 4SQG5NJNPF;
				GENERATE_INFOPLIST_FILE = YES;
				IPHONEOS_DEPLOYMENT_TARGET = 17.4;
				MACOSX_DEPLOYMENT_TARGET = 14.4;
				MARKETING_VERSION = 1.0;
				PRODUCT_BUNDLE_IDENTIFIER = com.activatedapps.PokemonViewUITests;
				PRODUCT_NAME = "$(TARGET_NAME)";
				SDKROOT = auto;
				SUPPORTED_PLATFORMS = "iphoneos iphonesimulator macosx";
				SWIFT_EMIT_LOC_STRINGS = NO;
				SWIFT_VERSION = 5.0;
				TARGETED_DEVICE_FAMILY = "1,2";
				TEST_TARGET_NAME = PokemonView;
			};
			name = Debug;
		};
		863FB77C2BD69F00002FF098 /* Release */ = {
			isa = XCBuildConfiguration;
			buildSettings = {
				ALWAYS_EMBED_SWIFT_STANDARD_LIBRARIES = YES;
				CODE_SIGN_STYLE = Automatic;
				CURRENT_PROJECT_VERSION = 1;
				DEVELOPMENT_TEAM = 4SQG5NJNPF;
				GENERATE_INFOPLIST_FILE = YES;
				IPHONEOS_DEPLOYMENT_TARGET = 17.4;
				MACOSX_DEPLOYMENT_TARGET = 14.4;
				MARKETING_VERSION = 1.0;
				PRODUCT_BUNDLE_IDENTIFIER = com.activatedapps.PokemonViewUITests;
				PRODUCT_NAME = "$(TARGET_NAME)";
				SDKROOT = auto;
				SUPPORTED_PLATFORMS = "iphoneos iphonesimulator macosx";
				SWIFT_EMIT_LOC_STRINGS = NO;
				SWIFT_VERSION = 5.0;
				TARGETED_DEVICE_FAMILY = "1,2";
				TEST_TARGET_NAME = PokemonView;
			};
			name = Release;
		};
/* End XCBuildConfiguration section */

/* Begin XCConfigurationList section */
		863FB74A2BD69EFD002FF098 /* Build configuration list for PBXProject "PokemonView" */ = {
			isa = XCConfigurationList;
			buildConfigurations = (
				863FB7722BD69F00002FF098 /* Debug */,
				863FB7732BD69F00002FF098 /* Release */,
			);
			defaultConfigurationIsVisible = 0;
			defaultConfigurationName = Release;
		};
		863FB7742BD69F00002FF098 /* Build configuration list for PBXNativeTarget "PokemonView" */ = {
			isa = XCConfigurationList;
			buildConfigurations = (
				863FB7752BD69F00002FF098 /* Debug */,
				863FB7762BD69F00002FF098 /* Release */,
			);
			defaultConfigurationIsVisible = 0;
			defaultConfigurationName = Release;
		};
		863FB7772BD69F00002FF098 /* Build configuration list for PBXNativeTarget "PokemonViewTests" */ = {
			isa = XCConfigurationList;
			buildConfigurations = (
				863FB7782BD69F00002FF098 /* Debug */,
				863FB7792BD69F00002FF098 /* Release */,
			);
			defaultConfigurationIsVisible = 0;
			defaultConfigurationName = Release;
		};
		863FB77A2BD69F00002FF098 /* Build configuration list for PBXNativeTarget "PokemonViewUITests" */ = {
			isa = XCConfigurationList;
			buildConfigurations = (
				863FB77B2BD69F00002FF098 /* Debug */,
				863FB77C2BD69F00002FF098 /* Release */,
			);
			defaultConfigurationIsVisible = 0;
			defaultConfigurationName = Release;
		};
/* End XCConfigurationList section */
	};
	rootObject = 863FB7472BD69EFD002FF098 /* Project object */;
}
